
Microsoft Visual Studio Solution File, Format Version 12.00
# Visual Studio Version 17
VisualStudioVersion = 17.9.34607.119
MinimumVisualStudioVersion = 10.0.40219.1
Project("{9A19103F-16F7-4668-BE54-9A1E7A4F7556}") = "SistemaSocios.Db.Mysql", "SistemaSocios.Db.Mysql\SistemaSocios.Db.Mysql.csproj", "{417C4049-C0F4-4DBB-9C66-755B7923DB76}"
EndProject
Project("{2150E333-8FDC-42A3-9474-1A3956D46DE8}") = "Solution Items", "Solution Items", "{80137425-AD14-4AF9-93A3-8476998329BB}"
EndProject
Project("{9A19103F-16F7-4668-BE54-9A1E7A4F7556}") = "SistemaSocios.WebApi.MySqlN", "SistemaSocios.WebApi.MySqlN\SistemaSocios.WebApi.MySqlN.csproj", "{9F476563-221B-4E35-A066-40D13FB4CA81}"
EndProject
Project("{FAE04EC0-301F-11D3-BF4B-00C04F79EFBC}") = "SistemaSocios.Db.MongoDB", "SistemaSocios.Db.MongoDB\SistemaSocios.Db.MongoDB.csproj", "{F2E3632A-7D6E-4E89-A628-BC4D80AADC20}"
EndProject
Global
	GlobalSection(SolutionConfigurationPlatforms) = preSolution
		Debug|Any CPU = Debug|Any CPU
		Release|Any CPU = Release|Any CPU
	EndGlobalSection
	GlobalSection(ProjectConfigurationPlatforms) = postSolution
		{417C4049-C0F4-4DBB-9C66-755B7923DB76}.Debug|Any CPU.ActiveCfg = Debug|Any CPU
		{417C4049-C0F4-4DBB-9C66-755B7923DB76}.Debug|Any CPU.Build.0 = Debug|Any CPU
		{417C4049-C0F4-4DBB-9C66-755B7923DB76}.Release|Any CPU.ActiveCfg = Release|Any CPU
		{417C4049-C0F4-4DBB-9C66-755B7923DB76}.Release|Any CPU.Build.0 = Release|Any CPU
		{9F476563-221B-4E35-A066-40D13FB4CA81}.Debug|Any CPU.ActiveCfg = Debug|Any CPU
		{9F476563-221B-4E35-A066-40D13FB4CA81}.Debug|Any CPU.Build.0 = Debug|Any CPU
		{9F476563-221B-4E35-A066-40D13FB4CA81}.Release|Any CPU.ActiveCfg = Release|Any CPU
		{9F476563-221B-4E35-A066-40D13FB4CA81}.Release|Any CPU.Build.0 = Release|Any CPU
		{F2E3632A-7D6E-4E89-A628-BC4D80AADC20}.Debug|Any CPU.ActiveCfg = Debug|Any CPU
		{F2E3632A-7D6E-4E89-A628-BC4D80AADC20}.Debug|Any CPU.Build.0 = Debug|Any CPU
		{F2E3632A-7D6E-4E89-A628-BC4D80AADC20}.Release|Any CPU.ActiveCfg = Release|Any CPU
		{F2E3632A-7D6E-4E89-A628-BC4D80AADC20}.Release|Any CPU.Build.0 = Release|Any CPU
	EndGlobalSection
	GlobalSection(SolutionProperties) = preSolution
		HideSolutionNode = FALSE
	EndGlobalSection
	GlobalSection(ExtensibilityGlobals) = postSolution
		SolutionGuid = {218608A6-E22C-4158-852F-4D797B540F9E}
	EndGlobalSection
EndGlobal
